
Microsoft Visual Studio Solution File, Format Version 12.00
# Visual Studio Version 16
VisualStudioVersion = 16.0.29519.181
MinimumVisualStudioVersion = 10.0.40219.1
Project("{FAE04EC0-301F-11D3-BF4B-00C04F79EFBC}") = "processmointor", "processmointor\processmointor.csproj", "{47ADD63E-76D4-400E-BA9A-EEE5E5F3B406}"
EndProject
Global
	GlobalSection(SolutionConfigurationPlatforms) = preSolution
		Debug|Any CPU = Debug|Any CPU
		Release|Any CPU = Release|Any CPU
	EndGlobalSection
	GlobalSection(ProjectConfigurationPlatforms) = postSolution
		{47ADD63E-76D4-400E-BA9A-EEE5E5F3B406}.Debug|Any CPU.ActiveCfg = Debug|Any CPU
		{47ADD63E-76D4-400E-BA9A-EEE5E5F3B406}.Debug|Any CPU.Build.0 = Debug|Any CPU
		{47ADD63E-76D4-400E-BA9A-EEE5E5F3B406}.Release|Any CPU.ActiveCfg = Release|Any CPU
		{47ADD63E-76D4-400E-BA9A-EEE5E5F3B406}.Release|Any CPU.Build.0 = Release|Any CPU
	EndGlobalSection
	GlobalSection(SolutionProperties) = preSolution
		HideSolutionNode = FALSE
	EndGlobalSection
	GlobalSection(ExtensibilityGlobals) = postSolution
		SolutionGuid = {379B3F35-11E1-4124-9BE4-01B899FCB34E}
	EndGlobalSection
EndGlobal
